// !$*UTF8*$!
{
	archiveVersion = 1;
	classes = {
	};
	objectVersion = 46;
	objects = {

/* Begin PBXBuildFile section */
		DEA5628C1D39ED830081C905 /* AppDelegate.swift in Sources */ = {isa = PBXBuildFile; fileRef = DEA5628B1D39ED830081C905 /* AppDelegate.swift */; };
		DEA5628E1D39ED830081C905 /* ViewController.swift in Sources */ = {isa = PBXBuildFile; fileRef = DEA5628D1D39ED830081C905 /* ViewController.swift */; };
		DEA562911D39ED830081C905 /* Main.storyboard in Resources */ = {isa = PBXBuildFile; fileRef = DEA5628F1D39ED830081C905 /* Main.storyboard */; };
		DEA562931D39ED830081C905 /* Assets.xcassets in Resources */ = {isa = PBXBuildFile; fileRef = DEA562921D39ED830081C905 /* Assets.xcassets */; };
		DEA562961D39ED830081C905 /* LaunchScreen.storyboard in Resources */ = {isa = PBXBuildFile; fileRef = DEA562941D39ED830081C905 /* LaunchScreen.storyboard */; };
/* End PBXBuildFile section */

/* Begin PBXFileReference section */
		DEA562881D39ED830081C905 /* calctor.app */ = {isa = PBXFileReference; explicitFileType = wrapper.application; includeInIndex = 0; path = calctor.app; sourceTree = BUILT_PRODUCTS_DIR; };
		DEA5628B1D39ED830081C905 /* AppDelegate.swift */ = {isa = PBXFileReference; lastKnownFileType = sourcecode.swift; path = AppDelegate.swift; sourceTree = "<group>"; };
		DEA5628D1D39ED830081C905 /* ViewController.swift */ = {isa = PBXFileReference; lastKnownFileType = sourcecode.swift; path = ViewController.swift; sourceTree = "<group>"; };
		DEA562901D39ED830081C905 /* Base */ = {isa = PBXFileReference; lastKnownFileType = file.storyboard; name = Base; path = Base.lproj/Main.storyboard; sourceTree = "<group>"; };
		DEA562921D39ED830081C905 /* Assets.xcassets */ = {isa = PBXFileReference; lastKnownFileType = folder.assetcatalog; path = Assets.xcassets; sourceTree = "<group>"; };
		DEA562951D39ED830081C905 /* Base */ = {isa = PBXFileReference; lastKnownFileType = file.storyboard; name = Base; path = Base.lproj/LaunchScreen.storyboard; sourceTree = "<group>"; };
		DEA562971D39ED830081C905 /* Info.plist */ = {isa = PBXFileReference; lastKnownFileType = text.plist.xml; path = Info.plist; sourceTree = "<group>"; };
/* End PBXFileReference section */

/* Begin PBXFrameworksBuildPhase section */
		DEA562851D39ED830081C905 /* Frameworks */ = {
			isa = PBXFrameworksBuildPhase;
			buildActionMask = 2147483647;
			files = (
			);
			runOnlyForDeploymentPostprocessing = 0;
		};
/* End PBXFrameworksBuildPhase section */

/* Begin PBXGroup section */
		DEA5627F1D39ED830081C905 = {
			isa = PBXGroup;
			children = (
				DEA5628A1D39ED830081C905 /* calctor */,
				DEA562891D39ED830081C905 /* Products */,
			);
			sourceTree = "<group>";
		};
		DEA562891D39ED830081C905 /* Products */ = {
			isa = PBXGroup;
			children = (
				DEA562881D39ED830081C905 /* calctor.app */,
			);
			name = Products;
			sourceTree = "<group>";
		};
		DEA5628A1D39ED830081C905 /* calctor */ = {
			isa = PBXGroup;
			children = (
				DEA5628B1D39ED830081C905 /* AppDelegate.swift */,
				DEA5628D1D39ED830081C905 /* ViewController.swift */,
				DEA5628F1D39ED830081C905 /* Main.storyboard */,
				DEA562921D39ED830081C905 /* Assets.xcassets */,
				DEA562941D39ED830081C905 /* LaunchScreen.storyboard */,
				DEA562971D39ED830081C905 /* Info.plist */,
			);
			path = calctor;
			sourceTree = "<group>";
		};
/* End PBXGroup section */

/* Begin PBXNativeTarget section */
		DEA562871D39ED830081C905 /* calctor */ = {
			isa = PBXNativeTarget;
			buildConfigurationList = DEA5629A1D39ED830081C905 /* Build configuration list for PBXNativeTarget "calctor" */;
			buildPhases = (
				DEA562841D39ED830081C905 /* Sources */,
				DEA562851D39ED830081C905 /* Frameworks */,
				DEA562861D39ED830081C905 /* Resources */,
			);
			buildRules = (
			);
			dependencies = (
			);
			name = calctor;
			productName = calctor;
			productReference = DEA562881D39ED830081C905 /* calctor.app */;
			productType = "com.apple.product-type.application";
		};
/* End PBXNativeTarget section */

/* Begin PBXProject section */
		DEA562801D39ED830081C905 /* Project object */ = {
			isa = PBXProject;
			attributes = {
				LastSwiftUpdateCheck = 0730;
				LastUpgradeCheck = 0730;
				ORGANIZATIONNAME = newmediatechies;
				TargetAttributes = {
					DEA562871D39ED830081C905 = {
						CreatedOnToolsVersion = 7.3.1;
					};
				};
			};
			buildConfigurationList = DEA562831D39ED830081C905 /* Build configuration list for PBXProject "calctor" */;
			compatibilityVersion = "Xcode 3.2";
			developmentRegion = English;
			hasScannedForEncodings = 0;
			knownRegions = (
				en,
				Base,
			);
			mainGroup = DEA5627F1D39ED830081C905;
			productRefGroup = DEA562891D39ED830081C905 /* Products */;
			projectDirPath = "";
			projectRoot = "";
			targets = (
				DEA562871D39ED830081C905 /* calctor */,
			);
		};
/* End PBXProject section */

/* Begin PBXResourcesBuildPhase section */
		DEA562861D39ED830081C905 /* Resources */ = {
			isa = PBXResourcesBuildPhase;
			buildActionMask = 2147483647;
			files = (
				DEA562961D39ED830081C905 /* LaunchScreen.storyboard in Resources */,
				DEA562931D39ED830081C905 /* Assets.xcassets in Resources */,
				DEA562911D39ED830081C905 /* Main.storyboard in Resources */,
			);
			runOnlyForDeploymentPostprocessing = 0;
		};
/* End PBXResourcesBuildPhase section */

/* Begin PBXSourcesBuildPhase section */
		DEA562841D39ED830081C905 /* Sources */ = {
			isa = PBXSourcesBuildPhase;
			buildActionMask = 2147483647;
			files = (
				DEA5628E1D39ED830081C905 /* ViewController.swift in Sources */,
				DEA5628C1D39ED830081C905 /* AppDelegate.swift in Sources */,
			);
			runOnlyForDeploymentPostprocessing = 0;
		};
/* End PBXSourcesBuildPhase section */

/* Begin PBXVariantGroup section */
		DEA5628F1D39ED830081C905 /* Main.storyboard */ = {
			isa = PBXVariantGroup;
			children = (
				DEA562901D39ED830081C905 /* Base */,
			);
			name = Main.storyboard;
			sourceTree = "<group>";
		};
		DEA562941D39ED830081C905 /* LaunchScreen.storyboard */ = {
			isa = PBXVariantGroup;
			children = (
				DEA562951D39ED830081C905 /* Base */,
			);
			name = LaunchScreen.storyboard;
			sourceTree = "<group>";
		};
/* End PBXVariantGroup section */

/* Begin XCBuildConfiguration section */
		DEA562981D39ED830081C905 /* Debug */ = {
			isa = XCBuildConfiguration;
			buildSettings = {
				ALWAYS_SEARCH_USER_PATHS = NO;
				CLANG_ANALYZER_NONNULL = YES;
				CLANG_CXX_LANGUAGE_STANDARD = "gnu++0x";
				CLANG_CXX_LIBRARY = "libc++";
				CLANG_ENABLE_MODULES = YES;
				CLANG_ENABLE_OBJC_ARC = YES;
				CLANG_WARN_BOOL_CONVERSION = YES;
				CLANG_WARN_CONSTANT_CONVERSION = YES;
				CLANG_WARN_DIRECT_OBJC_ISA_USAGE = YES_ERROR;
				CLANG_WARN_EMPTY_BODY = YES;
				CLANG_WARN_ENUM_CONVERSION = YES;
				CLANG_WARN_INT_CONVERSION = YES;
				CLANG_WARN_OBJC_ROOT_CLASS = YES_ERROR;
				CLANG_WARN_UNREACHABLE_CODE = YES;
				CLANG_WARN__DUPLICATE_METHOD_MATCH = YES;
				"CODE_SIGN_IDENTITY[sdk=iphoneos*]" = "iPhone Developer";
				COPY_PHASE_STRIP = NO;
				DEBUG_INFORMATION_FORMAT = dwarf;
				ENABLE_STRICT_OBJC_MSGSEND = YES;
				ENABLE_TESTABILITY = YES;
				GCC_C_LANGUAGE_STANDARD = gnu99;
				GCC_DYNAMIC_NO_PIC = NO;
				GCC_NO_COMMON_BLOCKS = YES;
				GCC_OPTIMIZATION_LEVEL = 0;
				GCC_PREPROCESSOR_DEFINITIONS = (
					"DEBUG=1",
					"$(inherited)",
				);
				GCC_WARN_64_TO_32_BIT_CONVERSION = YES;
				GCC_WARN_ABOUT_RETURN_TYPE = YES_ERROR;
				GCC_WARN_UNDECLARED_SELECTOR = YES;
				GCC_WARN_UNINITIALIZED_AUTOS = YES_AGGRESSIVE;
				GCC_WARN_UNUSED_FUNCTION = YES;
				GCC_WARN_UNUSED_VARIABLE = YES;
				IPHONEOS_DEPLOYMENT_TARGET = 9.3;
				MTL_ENABLE_DEBUG_INFO = YES;
				ONLY_ACTIVE_ARCH = YES;
				SDKROOT = iphoneos;
				SWIFT_OPTIMIZATION_LEVEL = "-Onone";
			};
			name = Debug;
		};
		DEA562991D39ED830081C905 /* Release */ = {
			isa = XCBuildConfiguration;
			buildSettings = {
				ALWAYS_SEARCH_USER_PATHS = NO;
				CLANG_ANALYZER_NONNULL = YES;
				CLANG_CXX_LANGUAGE_STANDARD = "gnu++0x";
				CLANG_CXX_LIBRARY = "libc++";
				CLANG_ENABLE_MODULES = YES;
				CLANG_ENABLE_OBJC_ARC = YES;
				CLANG_WARN_BOOL_CONVERSION = YES;
				CLANG_WARN_CONSTANT_CONVERSION = YES;
				CLANG_WARN_DIRECT_OBJC_ISA_USAGE = YES_ERROR;
				CLANG_WARN_EMPTY_BODY = YES;
				CLANG_WARN_ENUM_CONVERSION = YES;
				CLANG_WARN_INT_CONVERSION = YES;
				CLANG_WARN_OBJC_ROOT_CLASS = YES_ERROR;
				CLANG_WARN_UNREACHABLE_CODE = YES;
				CLANG_WARN__DUPLICATE_METHOD_MATCH = YES;
				"CODE_SIGN_IDENTITY[sdk=iphoneos*]" = "iPhone Developer";
				COPY_PHASE_STRIP = NO;
				DEBUG_INFORMATION_FORMAT = "dwarf-with-dsym";
				ENABLE_NS_ASSERTIONS = NO;
				ENABLE_STRICT_OBJC_MSGSEND = YES;
				GCC_C_LANGUAGE_STANDARD = gnu99;
				GCC_NO_COMMON_BLOCKS = YES;
				GCC_WARN_64_TO_32_BIT_CONVERSION = YES;
				GCC_WARN_ABOUT_RETURN_TYPE = YES_ERROR;
				GCC_WARN_UNDECLARED_SELECTOR = YES;
				GCC_WARN_UNINITIALIZED_AUTOS = YES_AGGRESSIVE;
				GCC_WARN_UNUSED_FUNCTION = YES;
				GCC_WARN_UNUSED_VARIABLE = YES;
				IPHONEOS_DEPLOYMENT_TARGET = 9.3;
				MTL_ENABLE_DEBUG_INFO = NO;
				SDKROOT = iphoneos;
				VALIDATE_PRODUCT = YES;
			};
			name = Release;
		};
		DEA5629B1D39ED830081C905 /* Debug */ = {
			isa = XCBuildConfiguration;
			buildSettings = {
				ASSETCATALOG_COMPILER_APPICON_NAME = AppIcon;
				INFOPLIST_FILE = calctor/Info.plist;
				LD_RUNPATH_SEARCH_PATHS = "$(inherited) @executable_path/Frameworks";
				PRODUCT_BUNDLE_IDENTIFIER = NewMediaTechies.calctor;
				PRODUCT_NAME = "$(TARGET_NAME)";
			};
			name = Debug;
		};
		DEA5629C1D39ED830081C905 /* Release */ = {
			isa = XCBuildConfiguration;
			buildSettings = {
				ASSETCATALOG_COMPILER_APPICON_NAME = AppIcon;
				INFOPLIST_FILE = calctor/Info.plist;
				LD_RUNPATH_SEARCH_PATHS = "$(inherited) @executable_path/Frameworks";
				PRODUCT_BUNDLE_IDENTIFIER = NewMediaTechies.calctor;
				PRODUCT_NAME = "$(TARGET_NAME)";
			};
			name = Release;
		};
/* End XCBuildConfiguration section */

/* Begin XCConfigurationList section */
		DEA562831D39ED830081C905 /* Build configuration list for PBXProject "calctor" */ = {
			isa = XCConfigurationList;
			buildConfigurations = (
				DEA562981D39ED830081C905 /* Debug */,
				DEA562991D39ED830081C905 /* Release */,
			);
			defaultConfigurationIsVisible = 0;
			defaultConfigurationName = Release;
		};
		DEA5629A1D39ED830081C905 /* Build configuration list for PBXNativeTarget "calctor" */ = {
			isa = XCConfigurationList;
			buildConfigurations = (
				DEA5629B1D39ED830081C905 /* Debug */,
				DEA5629C1D39ED830081C905 /* Release */,
			);
			defaultConfigurationIsVisible = 0;
		};
/* End XCConfigurationList section */
	};
	rootObject = DEA562801D39ED830081C905 /* Project object */;
}
